
Microsoft Visual Studio Solution File, Format Version 12.00
# Visual Studio Version 17
VisualStudioVersion = 17.2.32630.192
MinimumVisualStudioVersion = 10.0.40219.1
Project("{FAE04EC0-301F-11D3-BF4B-00C04F79EFBC}") = "FC2SMG", "FC2SMG\FC2SMG.csproj", "{F8B9E3C9-F0C7-45DF-9400-AFFA4298C6A0}"
EndProject
Global
	GlobalSection(SolutionConfigurationPlatforms) = preSolution
		Debug|Any CPU = Debug|Any CPU
		Release|Any CPU = Release|Any CPU
	EndGlobalSection
	GlobalSection(ProjectConfigurationPlatforms) = postSolution
		{F8B9E3C9-F0C7-45DF-9400-AFFA4298C6A0}.Debug|Any CPU.ActiveCfg = Debug|Any CPU
		{F8B9E3C9-F0C7-45DF-9400-AFFA4298C6A0}.Debug|Any CPU.Build.0 = Debug|Any CPU
		{F8B9E3C9-F0C7-45DF-9400-AFFA4298C6A0}.Release|Any CPU.ActiveCfg = Release|Any CPU
		{F8B9E3C9-F0C7-45DF-9400-AFFA4298C6A0}.Release|Any CPU.Build.0 = Release|Any CPU
	EndGlobalSection
	GlobalSection(SolutionProperties) = preSolution
		HideSolutionNode = FALSE
	EndGlobalSection
	GlobalSection(ExtensibilityGlobals) = postSolution
		SolutionGuid = {E92B052A-5B0B-4952-87F3-4281E3F5294C}
	EndGlobalSection
EndGlobal
